{
  "name": "test-greenkeeper-lockfile-appveyor",
  "version": "1.0.0",
  "lockfileVersion": 1,
  "requires": true,
  "dependencies": {
    "test-greenkeeper-lockfile-appveyor-package": {
      "version": "1.0.35",
      "resolved": "https://registry.npmjs.org/test-greenkeeper-lockfile-appveyor-package/-/test-greenkeeper-lockfile-appveyor-package-1.0.35.tgz",
      "integrity": "sha512-qT5ljEogZb6DywcgwG6ZOipL8hdbq2iAt1O5zMiY5LxABIIjWKZUUtXhxGMKZFULPrRsvNmZC6fkurQt27b6+w=="
    }
  }
}
