{
  "name": "test-greenkeeper-lockfile-appveyor",
  "version": "1.0.0",
  "lockfileVersion": 1,
  "requires": true,
  "dependencies": {
    "test-greenkeeper-lockfile-appveyor-package": {
      "version": "1.0.39",
      "resolved": "https://registry.npmjs.org/test-greenkeeper-lockfile-appveyor-package/-/test-greenkeeper-lockfile-appveyor-package-1.0.39.tgz",
      "integrity": "sha512-uLYWK50PnW3rrKLmmYI31WNQza39kyUDelZQIBjk/sVxy7YqPwaS3XeXcIUXGmlP5V1QXEvuGqlH9OZcM9mRgA=="
    }
  }
}
