{
  "name": "test-greenkeeper-lockfile-appveyor",
  "version": "1.0.0",
  "lockfileVersion": 1,
  "requires": true,
  "dependencies": {
    "test-greenkeeper-lockfile-appveyor-package": {
      "version": "1.0.41",
      "resolved": "https://registry.npmjs.org/test-greenkeeper-lockfile-appveyor-package/-/test-greenkeeper-lockfile-appveyor-package-1.0.41.tgz",
      "integrity": "sha512-kCLLjBXPBDzCxY4cXXxhYtKq0V+qLZU8NROTOtabl3wvCMUXibigWneQYSl4ktvzJD4ByvXC5eHF7s9NPZi2ng=="
    }
  }
}
